<?xml version="1.0" encoding="UTF-8" standalone="yes" ?>
<CodeBlocks_project_file>
	<FileVersion major="1" minor="6" />
	<Project>
		<Option title="Project-ION" />
		<Option pch_mode="2" />
		<Option compiler="gcc" />
		<Build>
			<Target title="Debug">
				<Option output="bin/Debug/Project-ION" prefix_auto="1" extension_auto="1" />
				<Option working_dir="src" />
				<Option object_output="obj/Debug/" />
				<Option type="1" />
				<Option compiler="gcc" />
				<Compiler>
					<Add option="-g" />
					<Add directory="include" />
				</Compiler>
			</Target>
			<Target title="Release">
				<Option output="bin/Release/Project-ION" prefix_auto="1" extension_auto="1" />
				<Option object_output="obj/Release/" />
				<Option type="1" />
				<Option compiler="gcc" />
				<Compiler>
					<Add option="-O2" />
					<Add directory="include" />
				</Compiler>
				<Linker>
					<Add option="-s" />
				</Linker>
			</Target>
		</Build>
		<Compiler>
			<Add option="-Wall" />
		</Compiler>
		<Unit filename="include/Character.h" />
		<Unit filename="include/Enemy.h" />
		<Unit filename="include/Entity.h" />
		<Unit filename="include/Game.h" />
		<Unit filename="include/Human.h" />
		<Unit filename="include/Images.h" />
		<Unit filename="include/Level.h" />
		<Unit filename="include/Level_1.h" />
		<Unit filename="include/List.h" />
		<Unit filename="include/List_Characters.h" />
		<Unit filename="include/List_Images.h" />
		<Unit filename="include/List_Levels.h" />
		<Unit filename="include/List_Structures.h" />
		<Unit filename="include/Map.h" />
		<Unit filename="include/Menu.h" />
		<Unit filename="include/SoloGame.h" />
		<Unit filename="include/Stone.h" />
		<Unit filename="include/Structure.h" />
		<Unit filename="include/Topspin.h" />
		<Unit filename="include/Tutorial.h" />
		<Unit filename="main.cpp" />
		<Unit filename="src/Character.cpp" />
		<Unit filename="src/Enemy.cpp" />
		<Unit filename="src/Entity.cpp" />
		<Unit filename="src/Game.cpp" />
		<Unit filename="src/Human.cpp" />
		<Unit filename="src/Images.cpp" />
		<Unit filename="src/Level.cpp" />
		<Unit filename="src/Level_1.cpp" />
		<Unit filename="src/List_Characters.cpp" />
		<Unit filename="src/List_Images.cpp" />
		<Unit filename="src/List_Levels.cpp" />
		<Unit filename="src/List_Structures.cpp" />
		<Unit filename="src/Map.cpp" />
		<Unit filename="src/Menu.cpp" />
		<Unit filename="src/SoloGame.cpp" />
		<Unit filename="src/Stone.cpp" />
		<Unit filename="src/Structure.cpp" />
		<Unit filename="src/Topspin.cpp" />
		<Unit filename="src/Tutorial.cpp" />
		<Extensions>
			<code_completion />
			<envvars />
			<lib_finder disable_auto="1" />
			<debugger />
		</Extensions>
	</Project>
</CodeBlocks_project_file>
